<?xml version="1.0" encoding="utf-8"?>
<Project ToolsVersion="4.0" xmlns="http://schemas.microsoft.com/developer/msbuild/2003">
  <ItemGroup>
    <ClCompile Include="openfaceAndroid.cpp" />
    <ClCompile Include="..\openface\src\openface.cpp">
      <Filter>source</Filter>
    </ClCompile>
  </ItemGroup>
  <ItemGroup>
    <ClInclude Include="openfaceAndroid.h" />
    <ClInclude Include="pch.h" />
    <ClInclude Include="..\openface\include\openface\openface.hpp">
      <Filter>header</Filter>
    </ClInclude>
  </ItemGroup>
  <ItemGroup>
    <Filter Include="source">
      <UniqueIdentifier>{16dd594f-cb27-4495-89ea-c3d640ac0471}</UniqueIdentifier>
    </Filter>
    <Filter Include="header">
      <UniqueIdentifier>{01412778-1fda-4fef-9921-48e556edff07}</UniqueIdentifier>
    </Filter>
  </ItemGroup>
</Project>